
Microsoft Visual Studio Solution File, Format Version 12.00
# Visual Studio Version 17
VisualStudioVersion = 17.13.35931.197
MinimumVisualStudioVersion = 10.0.40219.1
Project("{FAE04EC0-301F-11D3-BF4B-00C04F79EFBC}") = "LiveVibe.Server", "LiveVibe.Server\LiveVibe.Server.csproj", "{D6CE651D-9A37-472C-9CFF-D09DE1BFFA93}"
EndProject
Project("{2150E333-8FDC-42A3-9474-1A3956D46DE8}") = "Solution Items", "Solution Items", "{8EC462FD-D22E-90A8-E5CE-7E832BA40C5D}"
	ProjectSection(SolutionItems) = preProject
		docker-compose.yml = docker-compose.yml
	EndProjectSection
EndProject
Project("{FAE04EC0-301F-11D3-BF4B-00C04F79EFBC}") = "LiveVibe.Server.Tests", "LiveVibe.Server.Tests\LiveVibe.Server.Tests.csproj", "{07F7B331-258F-414F-BA26-7CEC85819D00}"
EndProject
Global
	GlobalSection(SolutionConfigurationPlatforms) = preSolution
		Debug|Any CPU = Debug|Any CPU
		Debug|x64 = Debug|x64
		Debug|x86 = Debug|x86
		Release|Any CPU = Release|Any CPU
		Release|x64 = Release|x64
		Release|x86 = Release|x86
	EndGlobalSection
	GlobalSection(ProjectConfigurationPlatforms) = postSolution
		{D6CE651D-9A37-472C-9CFF-D09DE1BFFA93}.Debug|Any CPU.ActiveCfg = Debug|Any CPU
		{D6CE651D-9A37-472C-9CFF-D09DE1BFFA93}.Debug|Any CPU.Build.0 = Debug|Any CPU
		{D6CE651D-9A37-472C-9CFF-D09DE1BFFA93}.Debug|x64.ActiveCfg = Debug|Any CPU
		{D6CE651D-9A37-472C-9CFF-D09DE1BFFA93}.Debug|x64.Build.0 = Debug|Any CPU
		{D6CE651D-9A37-472C-9CFF-D09DE1BFFA93}.Debug|x86.ActiveCfg = Debug|Any CPU
		{D6CE651D-9A37-472C-9CFF-D09DE1BFFA93}.Debug|x86.Build.0 = Debug|Any CPU
		{D6CE651D-9A37-472C-9CFF-D09DE1BFFA93}.Release|Any CPU.ActiveCfg = Release|Any CPU
		{D6CE651D-9A37-472C-9CFF-D09DE1BFFA93}.Release|Any CPU.Build.0 = Release|Any CPU
		{D6CE651D-9A37-472C-9CFF-D09DE1BFFA93}.Release|x64.ActiveCfg = Release|Any CPU
		{D6CE651D-9A37-472C-9CFF-D09DE1BFFA93}.Release|x64.Build.0 = Release|Any CPU
		{D6CE651D-9A37-472C-9CFF-D09DE1BFFA93}.Release|x86.ActiveCfg = Release|Any CPU
		{D6CE651D-9A37-472C-9CFF-D09DE1BFFA93}.Release|x86.Build.0 = Release|Any CPU
		{07F7B331-258F-414F-BA26-7CEC85819D00}.Debug|Any CPU.ActiveCfg = Debug|Any CPU
		{07F7B331-258F-414F-BA26-7CEC85819D00}.Debug|Any CPU.Build.0 = Debug|Any CPU
		{07F7B331-258F-414F-BA26-7CEC85819D00}.Debug|x64.ActiveCfg = Debug|Any CPU
		{07F7B331-258F-414F-BA26-7CEC85819D00}.Debug|x64.Build.0 = Debug|Any CPU
		{07F7B331-258F-414F-BA26-7CEC85819D00}.Debug|x86.ActiveCfg = Debug|Any CPU
		{07F7B331-258F-414F-BA26-7CEC85819D00}.Debug|x86.Build.0 = Debug|Any CPU
		{07F7B331-258F-414F-BA26-7CEC85819D00}.Release|Any CPU.ActiveCfg = Release|Any CPU
		{07F7B331-258F-414F-BA26-7CEC85819D00}.Release|Any CPU.Build.0 = Release|Any CPU
		{07F7B331-258F-414F-BA26-7CEC85819D00}.Release|x64.ActiveCfg = Release|Any CPU
		{07F7B331-258F-414F-BA26-7CEC85819D00}.Release|x64.Build.0 = Release|Any CPU
		{07F7B331-258F-414F-BA26-7CEC85819D00}.Release|x86.ActiveCfg = Release|Any CPU
		{07F7B331-258F-414F-BA26-7CEC85819D00}.Release|x86.Build.0 = Release|Any CPU
	EndGlobalSection
	GlobalSection(SolutionProperties) = preSolution
		HideSolutionNode = FALSE
	EndGlobalSection
	GlobalSection(ExtensibilityGlobals) = postSolution
		SolutionGuid = {46A362A9-6895-4687-875F-5E95C3CD0DF6}
	EndGlobalSection
EndGlobal
